
Microsoft Visual Studio Solution File, Format Version 12.00
# Visual Studio 15
VisualStudioVersion = 15.0.28307.136
MinimumVisualStudioVersion = 10.0.40219.1
Project("{FAE04EC0-301F-11D3-BF4B-00C04F79EFBC}") = "SamplePro", "SamplePro\SamplePro.csproj", "{5B952A89-6955-4FAC-AC72-7A0FB29363DA}"
EndProject
Project("{FAE04EC0-301F-11D3-BF4B-00C04F79EFBC}") = "UnitTestProject", "UnitTestProject\UnitTestProject.csproj", "{298BF4D3-1CBD-4841-A8FA-36D52E64E66E}"
EndProject
Project("{2150E333-8FDC-42A3-9474-1A3956D46DE8}") = "Solution Items", "Solution Items", "{9256A848-8989-473A-87C1-4136E091E1CE}"
	ProjectSection(SolutionItems) = preProject
		CompleteRunsettings1.runsettings = CompleteRunsettings1.runsettings
	EndProjectSection
EndProject
Global
	GlobalSection(SolutionConfigurationPlatforms) = preSolution
		Debug|Any CPU = Debug|Any CPU
		Release|Any CPU = Release|Any CPU
	EndGlobalSection
	GlobalSection(ProjectConfigurationPlatforms) = postSolution
		{5B952A89-6955-4FAC-AC72-7A0FB29363DA}.Debug|Any CPU.ActiveCfg = Debug|Any CPU
		{5B952A89-6955-4FAC-AC72-7A0FB29363DA}.Debug|Any CPU.Build.0 = Debug|Any CPU
		{5B952A89-6955-4FAC-AC72-7A0FB29363DA}.Release|Any CPU.ActiveCfg = Release|Any CPU
		{5B952A89-6955-4FAC-AC72-7A0FB29363DA}.Release|Any CPU.Build.0 = Release|Any CPU
		{298BF4D3-1CBD-4841-A8FA-36D52E64E66E}.Debug|Any CPU.ActiveCfg = Debug|Any CPU
		{298BF4D3-1CBD-4841-A8FA-36D52E64E66E}.Debug|Any CPU.Build.0 = Debug|Any CPU
		{298BF4D3-1CBD-4841-A8FA-36D52E64E66E}.Release|Any CPU.ActiveCfg = Release|Any CPU
		{298BF4D3-1CBD-4841-A8FA-36D52E64E66E}.Release|Any CPU.Build.0 = Release|Any CPU
	EndGlobalSection
	GlobalSection(SolutionProperties) = preSolution
		HideSolutionNode = FALSE
	EndGlobalSection
	GlobalSection(ExtensibilityGlobals) = postSolution
		SolutionGuid = {935E1760-60F2-4236-8710-F1A8AB40B19B}
	EndGlobalSection
EndGlobal
